
Microsoft Visual Studio Solution File, Format Version 12.00
# Visual Studio 2013
VisualStudioVersion = 12.0.40629.0
MinimumVisualStudioVersion = 10.0.40219.1
Project("{FAE04EC0-301F-11D3-BF4B-00C04F79EFBC}") = "2DArrays", "2DArrays\2DArrays.csproj", "{BCF7AF04-DE4A-4CC2-9D5A-18A439FC8E30}"
EndProject
Global
	GlobalSection(SolutionConfigurationPlatforms) = preSolution
		Debug|Any CPU = Debug|Any CPU
		Release|Any CPU = Release|Any CPU
	EndGlobalSection
	GlobalSection(ProjectConfigurationPlatforms) = postSolution
		{BCF7AF04-DE4A-4CC2-9D5A-18A439FC8E30}.Debug|Any CPU.ActiveCfg = Debug|Any CPU
		{BCF7AF04-DE4A-4CC2-9D5A-18A439FC8E30}.Debug|Any CPU.Build.0 = Debug|Any CPU
		{BCF7AF04-DE4A-4CC2-9D5A-18A439FC8E30}.Release|Any CPU.ActiveCfg = Release|Any CPU
		{BCF7AF04-DE4A-4CC2-9D5A-18A439FC8E30}.Release|Any CPU.Build.0 = Release|Any CPU
	EndGlobalSection
	GlobalSection(SolutionProperties) = preSolution
		HideSolutionNode = FALSE
	EndGlobalSection
EndGlobal
