
Microsoft Visual Studio Solution File, Format Version 12.00
# Visual Studio Version 16
VisualStudioVersion = 16.0.29020.237
MinimumVisualStudioVersion = 10.0.40219.1
Project("{FAE04EC0-301F-11D3-BF4B-00C04F79EFBC}") = "Arrays", "Arrays\Arrays.csproj", "{231750F7-B1BD-45CF-87AE-E892BFD326B9}"
EndProject
Global
	GlobalSection(SolutionConfigurationPlatforms) = preSolution
		Debug|Any CPU = Debug|Any CPU
		Release|Any CPU = Release|Any CPU
	EndGlobalSection
	GlobalSection(ProjectConfigurationPlatforms) = postSolution
		{231750F7-B1BD-45CF-87AE-E892BFD326B9}.Debug|Any CPU.ActiveCfg = Debug|Any CPU
		{231750F7-B1BD-45CF-87AE-E892BFD326B9}.Debug|Any CPU.Build.0 = Debug|Any CPU
		{231750F7-B1BD-45CF-87AE-E892BFD326B9}.Release|Any CPU.ActiveCfg = Release|Any CPU
		{231750F7-B1BD-45CF-87AE-E892BFD326B9}.Release|Any CPU.Build.0 = Release|Any CPU
	EndGlobalSection
	GlobalSection(SolutionProperties) = preSolution
		HideSolutionNode = FALSE
	EndGlobalSection
	GlobalSection(ExtensibilityGlobals) = postSolution
		SolutionGuid = {433D1BA2-48E1-4A0B-AF72-9F7C28A64AF7}
	EndGlobalSection
EndGlobal
