
Microsoft Visual Studio Solution File, Format Version 12.00
# Visual Studio Version 16
VisualStudioVersion = 16.0.29020.237
MinimumVisualStudioVersion = 10.0.40219.1
Project("{FAE04EC0-301F-11D3-BF4B-00C04F79EFBC}") = "ReturnStatement", "ReturnStatement\ReturnStatement.csproj", "{79E9E5AD-2882-4EB0-BD95-E8A22A6B1BFD}"
EndProject
Global
	GlobalSection(SolutionConfigurationPlatforms) = preSolution
		Debug|Any CPU = Debug|Any CPU
		Release|Any CPU = Release|Any CPU
	EndGlobalSection
	GlobalSection(ProjectConfigurationPlatforms) = postSolution
		{79E9E5AD-2882-4EB0-BD95-E8A22A6B1BFD}.Debug|Any CPU.ActiveCfg = Debug|Any CPU
		{79E9E5AD-2882-4EB0-BD95-E8A22A6B1BFD}.Debug|Any CPU.Build.0 = Debug|Any CPU
		{79E9E5AD-2882-4EB0-BD95-E8A22A6B1BFD}.Release|Any CPU.ActiveCfg = Release|Any CPU
		{79E9E5AD-2882-4EB0-BD95-E8A22A6B1BFD}.Release|Any CPU.Build.0 = Release|Any CPU
	EndGlobalSection
	GlobalSection(SolutionProperties) = preSolution
		HideSolutionNode = FALSE
	EndGlobalSection
	GlobalSection(ExtensibilityGlobals) = postSolution
		SolutionGuid = {4AB9DBF6-82C8-4A74-B893-CD1DF9261903}
	EndGlobalSection
EndGlobal
